// !$*UTF8*$!
{
	archiveVersion = 1;
	classes = {
	};
	objectVersion = 50;
	objects = {

/* Begin PBXBuildFile section */
		6C24488B2159844B00B4BA3D /* AppDelegate.swift in Sources */ = {isa = PBXBuildFile; fileRef = 6C24488A2159844A00B4BA3D /* AppDelegate.swift */; };
		6C24488D2159844B00B4BA3D /* ViewController.swift in Sources */ = {isa = PBXBuildFile; fileRef = 6C24488C2159844B00B4BA3D /* ViewController.swift */; };
		6C2448902159844D00B4BA3D /* Main.storyboard in Resources */ = {isa = PBXBuildFile; fileRef = 6C24488E2159844D00B4BA3D /* Main.storyboard */; };
		6C2448922159847800B4BA3D /* Assets.xcassets in Resources */ = {isa = PBXBuildFile; fileRef = 6C2448912159847800B4BA3D /* Assets.xcassets */; };
		6C2448952159847800B4BA3D /* LaunchScreen.storyboard in Resources */ = {isa = PBXBuildFile; fileRef = 6C2448932159847800B4BA3D /* LaunchScreen.storyboard */; };
		6C2448A02159847900B4BA3D /* Quiet_SpaceTests.swift in Sources */ = {isa = PBXBuildFile; fileRef = 6C24489F2159847900B4BA3D /* Quiet_SpaceTests.swift */; };
/* End PBXBuildFile section */

/* Begin PBXContainerItemProxy section */
		6C24489C2159847900B4BA3D /* PBXContainerItemProxy */ = {
			isa = PBXContainerItemProxy;
			containerPortal = 6C24487F2159844900B4BA3D /* Project object */;
			proxyType = 1;
			remoteGlobalIDString = 6C2448862159844A00B4BA3D;
			remoteInfo = "Quiet Space";
		};
/* End PBXContainerItemProxy section */

/* Begin PBXFileReference section */
		6C2448872159844A00B4BA3D /* Quiet Space.app */ = {isa = PBXFileReference; explicitFileType = wrapper.application; includeInIndex = 0; path = "Quiet Space.app"; sourceTree = BUILT_PRODUCTS_DIR; };
		6C24488A2159844A00B4BA3D /* AppDelegate.swift */ = {isa = PBXFileReference; lastKnownFileType = sourcecode.swift; path = AppDelegate.swift; sourceTree = "<group>"; };
		6C24488C2159844B00B4BA3D /* ViewController.swift */ = {isa = PBXFileReference; lastKnownFileType = sourcecode.swift; path = ViewController.swift; sourceTree = "<group>"; };
		6C24488F2159844D00B4BA3D /* Base */ = {isa = PBXFileReference; lastKnownFileType = file.storyboard; name = Base; path = Base.lproj/Main.storyboard; sourceTree = "<group>"; };
		6C2448912159847800B4BA3D /* Assets.xcassets */ = {isa = PBXFileReference; lastKnownFileType = folder.assetcatalog; path = Assets.xcassets; sourceTree = "<group>"; };
		6C2448942159847800B4BA3D /* Base */ = {isa = PBXFileReference; lastKnownFileType = file.storyboard; name = Base; path = Base.lproj/LaunchScreen.storyboard; sourceTree = "<group>"; };
		6C2448962159847800B4BA3D /* Info.plist */ = {isa = PBXFileReference; lastKnownFileType = text.plist.xml; path = Info.plist; sourceTree = "<group>"; };
		6C24489B2159847900B4BA3D /* Quiet SpaceTests.xctest */ = {isa = PBXFileReference; explicitFileType = wrapper.cfbundle; includeInIndex = 0; path = "Quiet SpaceTests.xctest"; sourceTree = BUILT_PRODUCTS_DIR; };
		6C24489F2159847900B4BA3D /* Quiet_SpaceTests.swift */ = {isa = PBXFileReference; lastKnownFileType = sourcecode.swift; path = Quiet_SpaceTests.swift; sourceTree = "<group>"; };
		6C2448A12159847900B4BA3D /* Info.plist */ = {isa = PBXFileReference; lastKnownFileType = text.plist.xml; path = Info.plist; sourceTree = "<group>"; };
/* End PBXFileReference section */

/* Begin PBXFrameworksBuildPhase section */
		6C2448842159844A00B4BA3D /* Frameworks */ = {
			isa = PBXFrameworksBuildPhase;
			buildActionMask = 2147483647;
			files = (
			);
			runOnlyForDeploymentPostprocessing = 0;
		};
		6C2448982159847900B4BA3D /* Frameworks */ = {
			isa = PBXFrameworksBuildPhase;
			buildActionMask = 2147483647;
			files = (
			);
			runOnlyForDeploymentPostprocessing = 0;
		};
/* End PBXFrameworksBuildPhase section */

/* Begin PBXGroup section */
		6C24487E2159844900B4BA3D = {
			isa = PBXGroup;
			children = (
				6C2448892159844A00B4BA3D /* Quiet Space */,
				6C24489E2159847900B4BA3D /* Quiet SpaceTests */,
				6C2448882159844A00B4BA3D /* Products */,
			);
			sourceTree = "<group>";
		};
		6C2448882159844A00B4BA3D /* Products */ = {
			isa = PBXGroup;
			children = (
				6C2448872159844A00B4BA3D /* Quiet Space.app */,
				6C24489B2159847900B4BA3D /* Quiet SpaceTests.xctest */,
			);
			name = Products;
			sourceTree = "<group>";
		};
		6C2448892159844A00B4BA3D /* Quiet Space */ = {
			isa = PBXGroup;
			children = (
				6C24488A2159844A00B4BA3D /* AppDelegate.swift */,
				6C24488C2159844B00B4BA3D /* ViewController.swift */,
				6C24488E2159844D00B4BA3D /* Main.storyboard */,
				6C2448912159847800B4BA3D /* Assets.xcassets */,
				6C2448932159847800B4BA3D /* LaunchScreen.storyboard */,
				6C2448962159847800B4BA3D /* Info.plist */,
			);
			path = "Quiet Space";
			sourceTree = "<group>";
		};
		6C24489E2159847900B4BA3D /* Quiet SpaceTests */ = {
			isa = PBXGroup;
			children = (
				6C24489F2159847900B4BA3D /* Quiet_SpaceTests.swift */,
				6C2448A12159847900B4BA3D /* Info.plist */,
			);
			path = "Quiet SpaceTests";
			sourceTree = "<group>";
		};
/* End PBXGroup section */

/* Begin PBXNativeTarget section */
		6C2448862159844A00B4BA3D /* Quiet Space */ = {
			isa = PBXNativeTarget;
			buildConfigurationList = 6C2448A42159847900B4BA3D /* Build configuration list for PBXNativeTarget "Quiet Space" */;
			buildPhases = (
				6C2448832159844A00B4BA3D /* Sources */,
				6C2448842159844A00B4BA3D /* Frameworks */,
				6C2448852159844A00B4BA3D /* Resources */,
			);
			buildRules = (
			);
			dependencies = (
			);
			name = "Quiet Space";
			productName = "Quiet Space";
			productReference = 6C2448872159844A00B4BA3D /* Quiet Space.app */;
			productType = "com.apple.product-type.application";
		};
		6C24489A2159847900B4BA3D /* Quiet SpaceTests */ = {
			isa = PBXNativeTarget;
			buildConfigurationList = 6C2448A72159847900B4BA3D /* Build configuration list for PBXNativeTarget "Quiet SpaceTests" */;
			buildPhases = (
				6C2448972159847900B4BA3D /* Sources */,
				6C2448982159847900B4BA3D /* Frameworks */,
				6C2448992159847900B4BA3D /* Resources */,
			);
			buildRules = (
			);
			dependencies = (
				6C24489D2159847900B4BA3D /* PBXTargetDependency */,
			);
			name = "Quiet SpaceTests";
			productName = "Quiet SpaceTests";
			productReference = 6C24489B2159847900B4BA3D /* Quiet SpaceTests.xctest */;
			productType = "com.apple.product-type.bundle.unit-test";
		};
/* End PBXNativeTarget section */

/* Begin PBXProject section */
		6C24487F2159844900B4BA3D /* Project object */ = {
			isa = PBXProject;
			attributes = {
				LastSwiftUpdateCheck = 0940;
				LastUpgradeCheck = 0940;
				ORGANIZATIONNAME = "Chase Ladner";
				TargetAttributes = {
					6C2448862159844A00B4BA3D = {
						CreatedOnToolsVersion = 9.4.1;
					};
					6C24489A2159847900B4BA3D = {
						CreatedOnToolsVersion = 9.4.1;
						TestTargetID = 6C2448862159844A00B4BA3D;
					};
				};
			};
			buildConfigurationList = 6C2448822159844900B4BA3D /* Build configuration list for PBXProject "Quiet Space" */;
			compatibilityVersion = "Xcode 9.3";
			developmentRegion = en;
			hasScannedForEncodings = 0;
			knownRegions = (
				en,
				Base,
			);
			mainGroup = 6C24487E2159844900B4BA3D;
			productRefGroup = 6C2448882159844A00B4BA3D /* Products */;
			projectDirPath = "";
			projectRoot = "";
			targets = (
				6C2448862159844A00B4BA3D /* Quiet Space */,
				6C24489A2159847900B4BA3D /* Quiet SpaceTests */,
			);
		};
/* End PBXProject section */

/* Begin PBXResourcesBuildPhase section */
		6C2448852159844A00B4BA3D /* Resources */ = {
			isa = PBXResourcesBuildPhase;
			buildActionMask = 2147483647;
			files = (
				6C2448952159847800B4BA3D /* LaunchScreen.storyboard in Resources */,
				6C2448922159847800B4BA3D /* Assets.xcassets in Resources */,
				6C2448902159844D00B4BA3D /* Main.storyboard in Resources */,
			);
			runOnlyForDeploymentPostprocessing = 0;
		};
		6C2448992159847900B4BA3D /* Resources */ = {
			isa = PBXResourcesBuildPhase;
			buildActionMask = 2147483647;
			files = (
			);
			runOnlyForDeploymentPostprocessing = 0;
		};
/* End PBXResourcesBuildPhase section */

/* Begin PBXSourcesBuildPhase section */
		6C2448832159844A00B4BA3D /* Sources */ = {
			isa = PBXSourcesBuildPhase;
			buildActionMask = 2147483647;
			files = (
				6C24488D2159844B00B4BA3D /* ViewController.swift in Sources */,
				6C24488B2159844B00B4BA3D /* AppDelegate.swift in Sources */,
			);
			runOnlyForDeploymentPostprocessing = 0;
		};
		6C2448972159847900B4BA3D /* Sources */ = {
			isa = PBXSourcesBuildPhase;
			buildActionMask = 2147483647;
			files = (
				6C2448A02159847900B4BA3D /* Quiet_SpaceTests.swift in Sources */,
			);
			runOnlyForDeploymentPostprocessing = 0;
		};
/* End PBXSourcesBuildPhase section */

/* Begin PBXTargetDependency section */
		6C24489D2159847900B4BA3D /* PBXTargetDependency */ = {
			isa = PBXTargetDependency;
			target = 6C2448862159844A00B4BA3D /* Quiet Space */;
			targetProxy = 6C24489C2159847900B4BA3D /* PBXContainerItemProxy */;
		};
/* End PBXTargetDependency section */

/* Begin PBXVariantGroup section */
		6C24488E2159844D00B4BA3D /* Main.storyboard */ = {
			isa = PBXVariantGroup;
			children = (
				6C24488F2159844D00B4BA3D /* Base */,
			);
			name = Main.storyboard;
			sourceTree = "<group>";
		};
		6C2448932159847800B4BA3D /* LaunchScreen.storyboard */ = {
			isa = PBXVariantGroup;
			children = (
				6C2448942159847800B4BA3D /* Base */,
			);
			name = LaunchScreen.storyboard;
			sourceTree = "<group>";
		};
/* End PBXVariantGroup section */

/* Begin XCBuildConfiguration section */
		6C2448A22159847900B4BA3D /* Debug */ = {
			isa = XCBuildConfiguration;
			buildSettings = {
				ALWAYS_SEARCH_USER_PATHS = NO;
				CLANG_ANALYZER_NONNULL = YES;
				CLANG_ANALYZER_NUMBER_OBJECT_CONVERSION = YES_AGGRESSIVE;
				CLANG_CXX_LANGUAGE_STANDARD = "gnu++14";
				CLANG_CXX_LIBRARY = "libc++";
				CLANG_ENABLE_MODULES = YES;
				CLANG_ENABLE_OBJC_ARC = YES;
				CLANG_ENABLE_OBJC_WEAK = YES;
				CLANG_WARN_BLOCK_CAPTURE_AUTORELEASING = YES;
				CLANG_WARN_BOOL_CONVERSION = YES;
				CLANG_WARN_COMMA = YES;
				CLANG_WARN_CONSTANT_CONVERSION = YES;
				CLANG_WARN_DEPRECATED_OBJC_IMPLEMENTATIONS = YES;
				CLANG_WARN_DIRECT_OBJC_ISA_USAGE = YES_ERROR;
				CLANG_WARN_DOCUMENTATION_COMMENTS = YES;
				CLANG_WARN_EMPTY_BODY = YES;
				CLANG_WARN_ENUM_CONVERSION = YES;
				CLANG_WARN_INFINITE_RECURSION = YES;
				CLANG_WARN_INT_CONVERSION = YES;
				CLANG_WARN_NON_LITERAL_NULL_CONVERSION = YES;
				CLANG_WARN_OBJC_IMPLICIT_RETAIN_SELF = YES;
				CLANG_WARN_OBJC_LITERAL_CONVERSION = YES;
				CLANG_WARN_OBJC_ROOT_CLASS = YES_ERROR;
				CLANG_WARN_RANGE_LOOP_ANALYSIS = YES;
				CLANG_WARN_STRICT_PROTOTYPES = YES;
				CLANG_WARN_SUSPICIOUS_MOVE = YES;
				CLANG_WARN_UNGUARDED_AVAILABILITY = YES_AGGRESSIVE;
				CLANG_WARN_UNREACHABLE_CODE = YES;
				CLANG_WARN__DUPLICATE_METHOD_MATCH = YES;
				CODE_SIGN_IDENTITY = "iPhone Developer";
				COPY_PHASE_STRIP = NO;
				DEBUG_INFORMATION_FORMAT = dwarf;
				ENABLE_STRICT_OBJC_MSGSEND = YES;
				ENABLE_TESTABILITY = YES;
				GCC_C_LANGUAGE_STANDARD = gnu11;
				GCC_DYNAMIC_NO_PIC = NO;
				GCC_NO_COMMON_BLOCKS = YES;
				GCC_OPTIMIZATION_LEVEL = 0;
				GCC_PREPROCESSOR_DEFINITIONS = (
					"DEBUG=1",
					"$(inherited)",
				);
				GCC_WARN_64_TO_32_BIT_CONVERSION = YES;
				GCC_WARN_ABOUT_RETURN_TYPE = YES_ERROR;
				GCC_WARN_UNDECLARED_SELECTOR = YES;
				GCC_WARN_UNINITIALIZED_AUTOS = YES_AGGRESSIVE;
				GCC_WARN_UNUSED_FUNCTION = YES;
				GCC_WARN_UNUSED_VARIABLE = YES;
				IPHONEOS_DEPLOYMENT_TARGET = 11.4;
				MTL_ENABLE_DEBUG_INFO = YES;
				ONLY_ACTIVE_ARCH = YES;
				SDKROOT = iphoneos;
				SWIFT_ACTIVE_COMPILATION_CONDITIONS = DEBUG;
				SWIFT_OPTIMIZATION_LEVEL = "-Onone";
			};
			name = Debug;
		};
		6C2448A32159847900B4BA3D /* Release */ = {
			isa = XCBuildConfiguration;
			buildSettings = {
				ALWAYS_SEARCH_USER_PATHS = NO;
				CLANG_ANALYZER_NONNULL = YES;
				CLANG_ANALYZER_NUMBER_OBJECT_CONVERSION = YES_AGGRESSIVE;
				CLANG_CXX_LANGUAGE_STANDARD = "gnu++14";
				CLANG_CXX_LIBRARY = "libc++";
				CLANG_ENABLE_MODULES = YES;
				CLANG_ENABLE_OBJC_ARC = YES;
				CLANG_ENABLE_OBJC_WEAK = YES;
				CLANG_WARN_BLOCK_CAPTURE_AUTORELEASING = YES;
				CLANG_WARN_BOOL_CONVERSION = YES;
				CLANG_WARN_COMMA = YES;
				CLANG_WARN_CONSTANT_CONVERSION = YES;
				CLANG_WARN_DEPRECATED_OBJC_IMPLEMENTATIONS = YES;
				CLANG_WARN_DIRECT_OBJC_ISA_USAGE = YES_ERROR;
				CLANG_WARN_DOCUMENTATION_COMMENTS = YES;
				CLANG_WARN_EMPTY_BODY = YES;
				CLANG_WARN_ENUM_CONVERSION = YES;
				CLANG_WARN_INFINITE_RECURSION = YES;
				CLANG_WARN_INT_CONVERSION = YES;
				CLANG_WARN_NON_LITERAL_NULL_CONVERSION = YES;
				CLANG_WARN_OBJC_IMPLICIT_RETAIN_SELF = YES;
				CLANG_WARN_OBJC_LITERAL_CONVERSION = YES;
				CLANG_WARN_OBJC_ROOT_CLASS = YES_ERROR;
				CLANG_WARN_RANGE_LOOP_ANALYSIS = YES;
				CLANG_WARN_STRICT_PROTOTYPES = YES;
				CLANG_WARN_SUSPICIOUS_MOVE = YES;
				CLANG_WARN_UNGUARDED_AVAILABILITY = YES_AGGRESSIVE;
				CLANG_WARN_UNREACHABLE_CODE = YES;
				CLANG_WARN__DUPLICATE_METHOD_MATCH = YES;
				CODE_SIGN_IDENTITY = "iPhone Developer";
				COPY_PHASE_STRIP = NO;
				DEBUG_INFORMATION_FORMAT = "dwarf-with-dsym";
				ENABLE_NS_ASSERTIONS = NO;
				ENABLE_STRICT_OBJC_MSGSEND = YES;
				GCC_C_LANGUAGE_STANDARD = gnu11;
				GCC_NO_COMMON_BLOCKS = YES;
				GCC_WARN_64_TO_32_BIT_CONVERSION = YES;
				GCC_WARN_ABOUT_RETURN_TYPE = YES_ERROR;
				GCC_WARN_UNDECLARED_SELECTOR = YES;
				GCC_WARN_UNINITIALIZED_AUTOS = YES_AGGRESSIVE;
				GCC_WARN_UNUSED_FUNCTION = YES;
				GCC_WARN_UNUSED_VARIABLE = YES;
				IPHONEOS_DEPLOYMENT_TARGET = 11.4;
				MTL_ENABLE_DEBUG_INFO = NO;
				SDKROOT = iphoneos;
				SWIFT_COMPILATION_MODE = wholemodule;
				SWIFT_OPTIMIZATION_LEVEL = "-O";
				VALIDATE_PRODUCT = YES;
			};
			name = Release;
		};
		6C2448A52159847900B4BA3D /* Debug */ = {
			isa = XCBuildConfiguration;
			buildSettings = {
				ASSETCATALOG_COMPILER_APPICON_NAME = AppIcon;
				CODE_SIGN_STYLE = Automatic;
				INFOPLIST_FILE = "Quiet Space/Info.plist";
				LD_RUNPATH_SEARCH_PATHS = (
					"$(inherited)",
					"@executable_path/Frameworks",
				);
				PRODUCT_BUNDLE_IDENTIFIER = "Amatuer-Studios.Quiet-Space";
				PRODUCT_NAME = "$(TARGET_NAME)";
				SWIFT_VERSION = 4.0;
				TARGETED_DEVICE_FAMILY = "1,2";
			};
			name = Debug;
		};
		6C2448A62159847900B4BA3D /* Release */ = {
			isa = XCBuildConfiguration;
			buildSettings = {
				ASSETCATALOG_COMPILER_APPICON_NAME = AppIcon;
				CODE_SIGN_STYLE = Automatic;
				INFOPLIST_FILE = "Quiet Space/Info.plist";
				LD_RUNPATH_SEARCH_PATHS = (
					"$(inherited)",
					"@executable_path/Frameworks",
				);
				PRODUCT_BUNDLE_IDENTIFIER = "Amatuer-Studios.Quiet-Space";
				PRODUCT_NAME = "$(TARGET_NAME)";
				SWIFT_VERSION = 4.0;
				TARGETED_DEVICE_FAMILY = "1,2";
			};
			name = Release;
		};
		6C2448A82159847900B4BA3D /* Debug */ = {
			isa = XCBuildConfiguration;
			buildSettings = {
				ALWAYS_EMBED_SWIFT_STANDARD_LIBRARIES = YES;
				BUNDLE_LOADER = "$(TEST_HOST)";
				CODE_SIGN_STYLE = Automatic;
				INFOPLIST_FILE = "Quiet SpaceTests/Info.plist";
				LD_RUNPATH_SEARCH_PATHS = (
					"$(inherited)",
					"@executable_path/Frameworks",
					"@loader_path/Frameworks",
				);
				PRODUCT_BUNDLE_IDENTIFIER = "Amatuer-Studios.Quiet-SpaceTests";
				PRODUCT_NAME = "$(TARGET_NAME)";
				SWIFT_VERSION = 4.0;
				TARGETED_DEVICE_FAMILY = "1,2";
				TEST_HOST = "$(BUILT_PRODUCTS_DIR)/Quiet Space.app/Quiet Space";
			};
			name = Debug;
		};
		6C2448A92159847900B4BA3D /* Release */ = {
			isa = XCBuildConfiguration;
			buildSettings = {
				ALWAYS_EMBED_SWIFT_STANDARD_LIBRARIES = YES;
				BUNDLE_LOADER = "$(TEST_HOST)";
				CODE_SIGN_STYLE = Automatic;
				INFOPLIST_FILE = "Quiet SpaceTests/Info.plist";
				LD_RUNPATH_SEARCH_PATHS = (
					"$(inherited)",
					"@executable_path/Frameworks",
					"@loader_path/Frameworks",
				);
				PRODUCT_BUNDLE_IDENTIFIER = "Amatuer-Studios.Quiet-SpaceTests";
				PRODUCT_NAME = "$(TARGET_NAME)";
				SWIFT_VERSION = 4.0;
				TARGETED_DEVICE_FAMILY = "1,2";
				TEST_HOST = "$(BUILT_PRODUCTS_DIR)/Quiet Space.app/Quiet Space";
			};
			name = Release;
		};
/* End XCBuildConfiguration section */

/* Begin XCConfigurationList section */
		6C2448822159844900B4BA3D /* Build configuration list for PBXProject "Quiet Space" */ = {
			isa = XCConfigurationList;
			buildConfigurations = (
				6C2448A22159847900B4BA3D /* Debug */,
				6C2448A32159847900B4BA3D /* Release */,
			);
			defaultConfigurationIsVisible = 0;
			defaultConfigurationName = Release;
		};
		6C2448A42159847900B4BA3D /* Build configuration list for PBXNativeTarget "Quiet Space" */ = {
			isa = XCConfigurationList;
			buildConfigurations = (
				6C2448A52159847900B4BA3D /* Debug */,
				6C2448A62159847900B4BA3D /* Release */,
			);
			defaultConfigurationIsVisible = 0;
			defaultConfigurationName = Release;
		};
		6C2448A72159847900B4BA3D /* Build configuration list for PBXNativeTarget "Quiet SpaceTests" */ = {
			isa = XCConfigurationList;
			buildConfigurations = (
				6C2448A82159847900B4BA3D /* Debug */,
				6C2448A92159847900B4BA3D /* Release */,
			);
			defaultConfigurationIsVisible = 0;
			defaultConfigurationName = Release;
		};
/* End XCConfigurationList section */
	};
	rootObject = 6C24487F2159844900B4BA3D /* Project object */;
}
